{
  "requires": true,
  "lockfileVersion": 1,
  "dependencies": {
    "@carbon/colors": {
      "version": "0.0.1-alpha.0",
      "resolved": "https://registry.npmjs.org/@carbon/colors/-/colors-0.0.1-alpha.0.tgz",
      "integrity": "sha512-/v5d1iw5MuHQgBgArItzHF04VgqeE5u/oSXwx/FDrZOZiJQ2IAlq3ocCglAq0P2xd8Wkzy2jKKIcL7LOGQYfww=="
    },
    "carbon-components": {
      "version": "9.14.0",
      "resolved": "https://registry.npmjs.org/carbon-components/-/carbon-components-9.14.0.tgz",
      "integrity": "sha512-MQ+Gf+tLfC3lPCg9wDc6VovbE+CNhZh3tKz3gcDiPbx4MkCjEOj0S7LWGxMzfSZ6QkTd9QKBO2DQBEof5AaueA==",
      "requires": {
        "@carbon/colors": "^0.0.1-alpha.0",
        "carbon-icons": "^7.0.7",
        "flatpickr": "2.6.3",
        "lodash.debounce": "^4.0.8",
        "warning": "^3.0.0"
      }
    },
    "carbon-icons": {
      "version": "7.0.7",
      "resolved": "https://registry.npmjs.org/carbon-icons/-/carbon-icons-7.0.7.tgz",
      "integrity": "sha512-3vgkdXJRgCViCrH3fLUdyAXo0I8wmohO6QETv7vWFx6yc7s+SirWFBSFL38zUx4MHtR8iTxIlLEzkeU6FlFtXg=="
    },
    "flatpickr": {
      "version": "2.6.3",
      "resolved": "https://registry.npmjs.org/flatpickr/-/flatpickr-2.6.3.tgz",
      "integrity": "sha1-RXNXUy3rE189pktCW/RDVzeWFWQ="
    },
    "js-tokens": {
      "version": "4.0.0",
      "resolved": "https://registry.npmjs.org/js-tokens/-/js-tokens-4.0.0.tgz",
      "integrity": "sha512-RdJUflcE3cUzKiMqQgsCu06FPu9UdIJO0beYbPhHN4k6apgJtifcoCtT9bcxOpYBtpD2kCM6Sbzg4CausW/PKQ=="
    },
    "lodash.debounce": {
      "version": "4.0.8",
      "resolved": "https://registry.npmjs.org/lodash.debounce/-/lodash.debounce-4.0.8.tgz",
      "integrity": "sha1-gteb/zCmfEAF/9XiUVMArZyk168="
    },
    "loose-envify": {
      "version": "1.4.0",
      "resolved": "https://registry.npmjs.org/loose-envify/-/loose-envify-1.4.0.tgz",
      "integrity": "sha512-lyuxPGr/Wfhrlem2CL/UcnUc1zcqKAImBDzukY7Y5F/yQiNdko6+fRLevlw1HgMySw7f611UIY408EtxRSoK3Q==",
      "requires": {
        "js-tokens": "^3.0.0 || ^4.0.0"
      }
    },
    "node-fetch": {
      "version": "2.2.0",
      "resolved": "https://registry.npmjs.org/node-fetch/-/node-fetch-2.2.0.tgz",
      "integrity": "sha512-OayFWziIxiHY8bCUyLX6sTpDH8Jsbp4FfYd1j1f7vZyfgkcOnAyM4oQR16f8a0s7Gl/viMGRey8eScYk4V4EZA=="
    },
    "querystring": {
      "version": "0.2.0",
      "resolved": "https://registry.npmjs.org/querystring/-/querystring-0.2.0.tgz",
      "integrity": "sha1-sgmEkgO7Jd+CDadW50cAWHhSFiA="
    },
    "warning": {
      "version": "3.0.0",
      "resolved": "https://registry.npmjs.org/warning/-/warning-3.0.0.tgz",
      "integrity": "sha1-MuU3fLVy3kqwR1O9+IIcAe1gW3w=",
      "requires": {
        "loose-envify": "^1.0.0"
      }
    }
  }
}
